
Microsoft Visual Studio Solution File, Format Version 12.00
Project("{FAE04EC0-301F-11D3-BF4B-00C04F79EFBC}") = "DawnLib", "DawnLib\DawnLib.csproj", "{C4F54072-A24E-46EB-A2DA-B44FC777F84F}"
EndProject
Project("{FAE04EC0-301F-11D3-BF4B-00C04F79EFBC}") = "DawnLib.SourceGen", "DawnLib.SourceGen\DawnLib.SourceGen.csproj", "{527E09BF-B4C9-42A3-9C54-D37B05774D02}"
EndProject
Project("{FAE04EC0-301F-11D3-BF4B-00C04F79EFBC}") = "DawnLib.Dusk", "DawnLib.Dusk\DawnLib.Dusk.csproj", "{6B5E018C-7FA9-450B-96B7-ACB734470380}"
EndProject
Project("{FAE04EC0-301F-11D3-BF4B-00C04F79EFBC}") = "DawnLib.Compatibility", "DawnLib.Compatibility\DawnLib.Compatibility.csproj", "{2F29EE6C-A76B-4BB9-BB2C-9E640A58181E}"
EndProject
Project("{FAE04EC0-301F-11D3-BF4B-00C04F79EFBC}") = "DawnLib.Interfaces", "DawnLib.Interfaces\DawnLib.Interfaces.csproj", "{2F29EE6C-A76B-4BB9-BB2C-9E640A58181A}"
EndProject
Project("{2150E333-8FDC-42A3-9474-1A3956D46DE8}") = "tests", "tests", "{0AB3BF05-4346-4AA6-1389-037BE0695223}"
EndProject
Project("{FAE04EC0-301F-11D3-BF4B-00C04F79EFBC}") = "DawnLib.SourceGen.Tests", "tests\DawnLib.SourceGen.Tests\DawnLib.SourceGen.Tests.csproj", "{78A0EBC0-DECF-4E5F-A216-95AD3D0ABBB6}"
EndProject
Project("{FAE04EC0-301F-11D3-BF4B-00C04F79EFBC}") = "DawnLib.SourceGen.IntegrationTests", "tests\DawnLib.SourceGen.IntegrationTests\DawnLib.SourceGen.IntegrationTests.csproj", "{188ED0F9-E9CE-4344-A4B9-6624E801A24B}"
EndProject
Global
	GlobalSection(SolutionConfigurationPlatforms) = preSolution
		Debug|Any CPU = Debug|Any CPU
		Debug|x64 = Debug|x64
		Debug|x86 = Debug|x86
		Release|Any CPU = Release|Any CPU
		Release|x64 = Release|x64
		Release|x86 = Release|x86
	EndGlobalSection
	GlobalSection(ProjectConfigurationPlatforms) = postSolution
		{C4F54072-A24E-46EB-A2DA-B44FC777F84F}.Debug|Any CPU.ActiveCfg = Debug|Any CPU
		{C4F54072-A24E-46EB-A2DA-B44FC777F84F}.Debug|Any CPU.Build.0 = Debug|Any CPU
		{C4F54072-A24E-46EB-A2DA-B44FC777F84F}.Debug|x64.ActiveCfg = Debug|Any CPU
		{C4F54072-A24E-46EB-A2DA-B44FC777F84F}.Debug|x64.Build.0 = Debug|Any CPU
		{C4F54072-A24E-46EB-A2DA-B44FC777F84F}.Debug|x86.ActiveCfg = Debug|Any CPU
		{C4F54072-A24E-46EB-A2DA-B44FC777F84F}.Debug|x86.Build.0 = Debug|Any CPU
		{C4F54072-A24E-46EB-A2DA-B44FC777F84F}.Release|Any CPU.ActiveCfg = Release|Any CPU
		{C4F54072-A24E-46EB-A2DA-B44FC777F84F}.Release|Any CPU.Build.0 = Release|Any CPU
		{C4F54072-A24E-46EB-A2DA-B44FC777F84F}.Release|x64.ActiveCfg = Release|Any CPU
		{C4F54072-A24E-46EB-A2DA-B44FC777F84F}.Release|x64.Build.0 = Release|Any CPU
		{C4F54072-A24E-46EB-A2DA-B44FC777F84F}.Release|x86.ActiveCfg = Release|Any CPU
		{C4F54072-A24E-46EB-A2DA-B44FC777F84F}.Release|x86.Build.0 = Release|Any CPU
		{527E09BF-B4C9-42A3-9C54-D37B05774D02}.Debug|Any CPU.ActiveCfg = Debug|Any CPU
		{527E09BF-B4C9-42A3-9C54-D37B05774D02}.Debug|Any CPU.Build.0 = Debug|Any CPU
		{527E09BF-B4C9-42A3-9C54-D37B05774D02}.Debug|x64.ActiveCfg = Debug|Any CPU
		{527E09BF-B4C9-42A3-9C54-D37B05774D02}.Debug|x64.Build.0 = Debug|Any CPU
		{527E09BF-B4C9-42A3-9C54-D37B05774D02}.Debug|x86.ActiveCfg = Debug|Any CPU
		{527E09BF-B4C9-42A3-9C54-D37B05774D02}.Debug|x86.Build.0 = Debug|Any CPU
		{527E09BF-B4C9-42A3-9C54-D37B05774D02}.Release|Any CPU.ActiveCfg = Release|Any CPU
		{527E09BF-B4C9-42A3-9C54-D37B05774D02}.Release|Any CPU.Build.0 = Release|Any CPU
		{527E09BF-B4C9-42A3-9C54-D37B05774D02}.Release|x64.ActiveCfg = Release|Any CPU
		{527E09BF-B4C9-42A3-9C54-D37B05774D02}.Release|x64.Build.0 = Release|Any CPU
		{527E09BF-B4C9-42A3-9C54-D37B05774D02}.Release|x86.ActiveCfg = Release|Any CPU
		{527E09BF-B4C9-42A3-9C54-D37B05774D02}.Release|x86.Build.0 = Release|Any CPU
		{6B5E018C-7FA9-450B-96B7-ACB734470380}.Debug|Any CPU.ActiveCfg = Debug|Any CPU
		{6B5E018C-7FA9-450B-96B7-ACB734470380}.Debug|Any CPU.Build.0 = Debug|Any CPU
		{6B5E018C-7FA9-450B-96B7-ACB734470380}.Debug|x64.ActiveCfg = Debug|Any CPU
		{6B5E018C-7FA9-450B-96B7-ACB734470380}.Debug|x64.Build.0 = Debug|Any CPU
		{6B5E018C-7FA9-450B-96B7-ACB734470380}.Debug|x86.ActiveCfg = Debug|Any CPU
		{6B5E018C-7FA9-450B-96B7-ACB734470380}.Debug|x86.Build.0 = Debug|Any CPU
		{6B5E018C-7FA9-450B-96B7-ACB734470380}.Release|Any CPU.ActiveCfg = Release|Any CPU
		{6B5E018C-7FA9-450B-96B7-ACB734470380}.Release|Any CPU.Build.0 = Release|Any CPU
		{6B5E018C-7FA9-450B-96B7-ACB734470380}.Release|x64.ActiveCfg = Release|Any CPU
		{6B5E018C-7FA9-450B-96B7-ACB734470380}.Release|x64.Build.0 = Release|Any CPU
		{6B5E018C-7FA9-450B-96B7-ACB734470380}.Release|x86.ActiveCfg = Release|Any CPU
		{6B5E018C-7FA9-450B-96B7-ACB734470380}.Release|x86.Build.0 = Release|Any CPU
		{2F29EE6C-A76B-4BB9-BB2C-9E640A58181E}.Debug|Any CPU.ActiveCfg = Debug|Any CPU
		{2F29EE6C-A76B-4BB9-BB2C-9E640A58181E}.Debug|Any CPU.Build.0 = Debug|Any CPU
		{2F29EE6C-A76B-4BB9-BB2C-9E640A58181E}.Debug|x64.ActiveCfg = Debug|Any CPU
		{2F29EE6C-A76B-4BB9-BB2C-9E640A58181E}.Debug|x64.Build.0 = Debug|Any CPU
		{2F29EE6C-A76B-4BB9-BB2C-9E640A58181E}.Debug|x86.ActiveCfg = Debug|Any CPU
		{2F29EE6C-A76B-4BB9-BB2C-9E640A58181E}.Debug|x86.Build.0 = Debug|Any CPU
		{2F29EE6C-A76B-4BB9-BB2C-9E640A58181E}.Release|Any CPU.ActiveCfg = Release|Any CPU
		{2F29EE6C-A76B-4BB9-BB2C-9E640A58181E}.Release|Any CPU.Build.0 = Release|Any CPU
		{2F29EE6C-A76B-4BB9-BB2C-9E640A58181E}.Release|x64.ActiveCfg = Release|Any CPU
		{2F29EE6C-A76B-4BB9-BB2C-9E640A58181E}.Release|x64.Build.0 = Release|Any CPU
		{2F29EE6C-A76B-4BB9-BB2C-9E640A58181E}.Release|x86.ActiveCfg = Release|Any CPU
		{2F29EE6C-A76B-4BB9-BB2C-9E640A58181E}.Release|x86.Build.0 = Release|Any CPU
		{2F29EE6C-A76B-4BB9-BB2C-9E640A58181A}.Debug|Any CPU.ActiveCfg = Debug|Any CPU
		{2F29EE6C-A76B-4BB9-BB2C-9E640A58181A}.Debug|Any CPU.Build.0 = Debug|Any CPU
		{2F29EE6C-A76B-4BB9-BB2C-9E640A58181A}.Debug|x64.ActiveCfg = Debug|Any CPU
		{2F29EE6C-A76B-4BB9-BB2C-9E640A58181A}.Debug|x64.Build.0 = Debug|Any CPU
		{2F29EE6C-A76B-4BB9-BB2C-9E640A58181A}.Debug|x86.ActiveCfg = Debug|Any CPU
		{2F29EE6C-A76B-4BB9-BB2C-9E640A58181A}.Debug|x86.Build.0 = Debug|Any CPU
		{2F29EE6C-A76B-4BB9-BB2C-9E640A58181A}.Release|Any CPU.ActiveCfg = Release|Any CPU
		{2F29EE6C-A76B-4BB9-BB2C-9E640A58181A}.Release|Any CPU.Build.0 = Release|Any CPU
		{2F29EE6C-A76B-4BB9-BB2C-9E640A58181A}.Release|x64.ActiveCfg = Release|Any CPU
		{2F29EE6C-A76B-4BB9-BB2C-9E640A58181A}.Release|x64.Build.0 = Release|Any CPU
		{2F29EE6C-A76B-4BB9-BB2C-9E640A58181A}.Release|x86.ActiveCfg = Release|Any CPU
		{2F29EE6C-A76B-4BB9-BB2C-9E640A58181A}.Release|x86.Build.0 = Release|Any CPU
		{78A0EBC0-DECF-4E5F-A216-95AD3D0ABBB6}.Debug|Any CPU.ActiveCfg = Debug|Any CPU
		{78A0EBC0-DECF-4E5F-A216-95AD3D0ABBB6}.Debug|Any CPU.Build.0 = Debug|Any CPU
		{78A0EBC0-DECF-4E5F-A216-95AD3D0ABBB6}.Debug|x64.ActiveCfg = Debug|Any CPU
		{78A0EBC0-DECF-4E5F-A216-95AD3D0ABBB6}.Debug|x64.Build.0 = Debug|Any CPU
		{78A0EBC0-DECF-4E5F-A216-95AD3D0ABBB6}.Debug|x86.ActiveCfg = Debug|Any CPU
		{78A0EBC0-DECF-4E5F-A216-95AD3D0ABBB6}.Debug|x86.Build.0 = Debug|Any CPU
		{78A0EBC0-DECF-4E5F-A216-95AD3D0ABBB6}.Release|Any CPU.ActiveCfg = Release|Any CPU
		{78A0EBC0-DECF-4E5F-A216-95AD3D0ABBB6}.Release|Any CPU.Build.0 = Release|Any CPU
		{78A0EBC0-DECF-4E5F-A216-95AD3D0ABBB6}.Release|x64.ActiveCfg = Release|Any CPU
		{78A0EBC0-DECF-4E5F-A216-95AD3D0ABBB6}.Release|x64.Build.0 = Release|Any CPU
		{78A0EBC0-DECF-4E5F-A216-95AD3D0ABBB6}.Release|x86.ActiveCfg = Release|Any CPU
		{78A0EBC0-DECF-4E5F-A216-95AD3D0ABBB6}.Release|x86.Build.0 = Release|Any CPU
		{188ED0F9-E9CE-4344-A4B9-6624E801A24B}.Debug|Any CPU.ActiveCfg = Debug|Any CPU
		{188ED0F9-E9CE-4344-A4B9-6624E801A24B}.Debug|Any CPU.Build.0 = Debug|Any CPU
		{188ED0F9-E9CE-4344-A4B9-6624E801A24B}.Debug|x64.ActiveCfg = Debug|Any CPU
		{188ED0F9-E9CE-4344-A4B9-6624E801A24B}.Debug|x64.Build.0 = Debug|Any CPU
		{188ED0F9-E9CE-4344-A4B9-6624E801A24B}.Debug|x86.ActiveCfg = Debug|Any CPU
		{188ED0F9-E9CE-4344-A4B9-6624E801A24B}.Debug|x86.Build.0 = Debug|Any CPU
		{188ED0F9-E9CE-4344-A4B9-6624E801A24B}.Release|Any CPU.ActiveCfg = Release|Any CPU
		{188ED0F9-E9CE-4344-A4B9-6624E801A24B}.Release|Any CPU.Build.0 = Release|Any CPU
		{188ED0F9-E9CE-4344-A4B9-6624E801A24B}.Release|x64.ActiveCfg = Release|Any CPU
		{188ED0F9-E9CE-4344-A4B9-6624E801A24B}.Release|x64.Build.0 = Release|Any CPU
		{188ED0F9-E9CE-4344-A4B9-6624E801A24B}.Release|x86.ActiveCfg = Release|Any CPU
		{188ED0F9-E9CE-4344-A4B9-6624E801A24B}.Release|x86.Build.0 = Release|Any CPU
	EndGlobalSection
	GlobalSection(SolutionProperties) = preSolution
		HideSolutionNode = FALSE
	EndGlobalSection
	GlobalSection(NestedProjects) = preSolution
		{78A0EBC0-DECF-4E5F-A216-95AD3D0ABBB6} = {0AB3BF05-4346-4AA6-1389-037BE0695223}
		{188ED0F9-E9CE-4344-A4B9-6624E801A24B} = {0AB3BF05-4346-4AA6-1389-037BE0695223}
	EndGlobalSection
EndGlobal
